
Microsoft Visual Studio Solution File, Format Version 12.00
# Visual Studio 2012
Project("{FAE04EC0-301F-11D3-BF4B-00C04F79EFBC}") = "Core", "Core\Core.csproj", "{43855E36-6EA6-4492-8F7C-DF56E3AFC662}"
EndProject
Project("{2150E333-8FDC-42A3-9474-1A3956D46DE8}") = "Solution Items", "Solution Items", "{94A523AB-C6B9-45AC-B0D9-7F5E64F2070D}"
	ProjectSection(SolutionItems) = preProject
		CommonAssemblyInfo.cs = CommonAssemblyInfo.cs
	EndProjectSection
EndProject
Project("{FAE04EC0-301F-11D3-BF4B-00C04F79EFBC}") = "ConsoleHost", "ConsoleHost\ConsoleHost.csproj", "{746154ED-63A4-42F5-BB7D-746EE353A53C}"
EndProject
Project("{FAE04EC0-301F-11D3-BF4B-00C04F79EFBC}") = "Helpers", "Helpers\Helpers.csproj", "{FF3E3B74-0880-4E11-B655-58E76E38389B}"
EndProject
Project("{2150E333-8FDC-42A3-9474-1A3956D46DE8}") = ".nuget", ".nuget", "{FCE3A359-0BA0-434B-B8DA-3D164EE7F295}"
	ProjectSection(SolutionItems) = preProject
		.nuget\NuGet.Config = .nuget\NuGet.Config
		.nuget\NuGet.exe = .nuget\NuGet.exe
		.nuget\NuGet.targets = .nuget\NuGet.targets
	EndProjectSection
EndProject
Global
	GlobalSection(SolutionConfigurationPlatforms) = preSolution
		Debug|Any CPU = Debug|Any CPU
		Release|Any CPU = Release|Any CPU
	EndGlobalSection
	GlobalSection(ProjectConfigurationPlatforms) = postSolution
		{43855E36-6EA6-4492-8F7C-DF56E3AFC662}.Debug|Any CPU.ActiveCfg = Debug|Any CPU
		{43855E36-6EA6-4492-8F7C-DF56E3AFC662}.Debug|Any CPU.Build.0 = Debug|Any CPU
		{43855E36-6EA6-4492-8F7C-DF56E3AFC662}.Release|Any CPU.ActiveCfg = Release|Any CPU
		{43855E36-6EA6-4492-8F7C-DF56E3AFC662}.Release|Any CPU.Build.0 = Release|Any CPU
		{746154ED-63A4-42F5-BB7D-746EE353A53C}.Debug|Any CPU.ActiveCfg = Debug|Any CPU
		{746154ED-63A4-42F5-BB7D-746EE353A53C}.Debug|Any CPU.Build.0 = Debug|Any CPU
		{746154ED-63A4-42F5-BB7D-746EE353A53C}.Release|Any CPU.ActiveCfg = Release|Any CPU
		{746154ED-63A4-42F5-BB7D-746EE353A53C}.Release|Any CPU.Build.0 = Release|Any CPU
		{FF3E3B74-0880-4E11-B655-58E76E38389B}.Debug|Any CPU.ActiveCfg = Debug|Any CPU
		{FF3E3B74-0880-4E11-B655-58E76E38389B}.Debug|Any CPU.Build.0 = Debug|Any CPU
		{FF3E3B74-0880-4E11-B655-58E76E38389B}.Release|Any CPU.ActiveCfg = Release|Any CPU
		{FF3E3B74-0880-4E11-B655-58E76E38389B}.Release|Any CPU.Build.0 = Release|Any CPU
	EndGlobalSection
	GlobalSection(SolutionProperties) = preSolution
		HideSolutionNode = FALSE
	EndGlobalSection
EndGlobal
